
Microsoft Visual Studio Solution File, Format Version 12.00
# Visual Studio Version 16
VisualStudioVersion = 16.0.29306.81
MinimumVisualStudioVersion = 10.0.40219.1
Project("{FAE04EC0-301F-11D3-BF4B-00C04F79EFBC}") = "Control_Itla_Remix", "Control_Itla_Remix\Control_Itla_Remix.csproj", "{E526F7A7-78E8-41AF-B28D-15280D38CE45}"
EndProject
Global
	GlobalSection(SolutionConfigurationPlatforms) = preSolution
		Debug|Any CPU = Debug|Any CPU
		Release|Any CPU = Release|Any CPU
	EndGlobalSection
	GlobalSection(ProjectConfigurationPlatforms) = postSolution
		{E526F7A7-78E8-41AF-B28D-15280D38CE45}.Debug|Any CPU.ActiveCfg = Debug|Any CPU
		{E526F7A7-78E8-41AF-B28D-15280D38CE45}.Debug|Any CPU.Build.0 = Debug|Any CPU
		{E526F7A7-78E8-41AF-B28D-15280D38CE45}.Release|Any CPU.ActiveCfg = Release|Any CPU
		{E526F7A7-78E8-41AF-B28D-15280D38CE45}.Release|Any CPU.Build.0 = Release|Any CPU
	EndGlobalSection
	GlobalSection(SolutionProperties) = preSolution
		HideSolutionNode = FALSE
	EndGlobalSection
	GlobalSection(ExtensibilityGlobals) = postSolution
		SolutionGuid = {75A7F7D7-297A-4BBE-A933-2A7B9E4DC985}
	EndGlobalSection
EndGlobal
